
Microsoft Visual Studio Solution File, Format Version 12.00
# Visual Studio Version 16
VisualStudioVersion = 16.0.32002.261
MinimumVisualStudioVersion = 10.0.40219.1
Project("{FAE04EC0-301F-11D3-BF4B-00C04F79EFBC}") = "ToDoApp", "ToDoApp\ToDoApp.csproj", "{C960BC3F-6DB8-42A9-9726-30012E08010F}"
EndProject
Global
	GlobalSection(SolutionConfigurationPlatforms) = preSolution
		Debug|Any CPU = Debug|Any CPU
		Release|Any CPU = Release|Any CPU
	EndGlobalSection
	GlobalSection(ProjectConfigurationPlatforms) = postSolution
		{C960BC3F-6DB8-42A9-9726-30012E08010F}.Debug|Any CPU.ActiveCfg = Debug|Any CPU
		{C960BC3F-6DB8-42A9-9726-30012E08010F}.Debug|Any CPU.Build.0 = Debug|Any CPU
		{C960BC3F-6DB8-42A9-9726-30012E08010F}.Release|Any CPU.ActiveCfg = Release|Any CPU
		{C960BC3F-6DB8-42A9-9726-30012E08010F}.Release|Any CPU.Build.0 = Release|Any CPU
	EndGlobalSection
	GlobalSection(SolutionProperties) = preSolution
		HideSolutionNode = FALSE
	EndGlobalSection
	GlobalSection(ExtensibilityGlobals) = postSolution
		SolutionGuid = {B45020E5-E14D-46A4-A56F-D1B54E135E2E}
	EndGlobalSection
EndGlobal
